
Microsoft Visual Studio Solution File, Format Version 12.00
# Visual Studio Version 16
VisualStudioVersion = 16.0.30128.74
MinimumVisualStudioVersion = 10.0.40219.1
Project("{9A19103F-16F7-4668-BE54-9A1E7A4F7556}") = "SadafStore.web", "SadafStore.web\SadafStore.web.csproj", "{A61CB38B-3421-4328-A51B-12449114C42B}"
EndProject
Project("{9A19103F-16F7-4668-BE54-9A1E7A4F7556}") = "SadafStore.DataLayer", "SadafStore.DataLayer\SadafStore.DataLayer.csproj", "{1F6CEBC8-1779-4F97-B3D1-BC4A82FC1975}"
EndProject
Project("{9A19103F-16F7-4668-BE54-9A1E7A4F7556}") = "SadafStore.Core", "SadafStore.Core\SadafStore.Core.csproj", "{23D88EA4-4718-4F80-952D-EB7CB4FDE43E}"
EndProject
Global
	GlobalSection(SolutionConfigurationPlatforms) = preSolution
		Debug|Any CPU = Debug|Any CPU
		Release|Any CPU = Release|Any CPU
	EndGlobalSection
	GlobalSection(ProjectConfigurationPlatforms) = postSolution
		{A61CB38B-3421-4328-A51B-12449114C42B}.Debug|Any CPU.ActiveCfg = Debug|Any CPU
		{A61CB38B-3421-4328-A51B-12449114C42B}.Debug|Any CPU.Build.0 = Debug|Any CPU
		{A61CB38B-3421-4328-A51B-12449114C42B}.Release|Any CPU.ActiveCfg = Release|Any CPU
		{A61CB38B-3421-4328-A51B-12449114C42B}.Release|Any CPU.Build.0 = Release|Any CPU
		{1F6CEBC8-1779-4F97-B3D1-BC4A82FC1975}.Debug|Any CPU.ActiveCfg = Debug|Any CPU
		{1F6CEBC8-1779-4F97-B3D1-BC4A82FC1975}.Debug|Any CPU.Build.0 = Debug|Any CPU
		{1F6CEBC8-1779-4F97-B3D1-BC4A82FC1975}.Release|Any CPU.ActiveCfg = Release|Any CPU
		{1F6CEBC8-1779-4F97-B3D1-BC4A82FC1975}.Release|Any CPU.Build.0 = Release|Any CPU
		{23D88EA4-4718-4F80-952D-EB7CB4FDE43E}.Debug|Any CPU.ActiveCfg = Debug|Any CPU
		{23D88EA4-4718-4F80-952D-EB7CB4FDE43E}.Debug|Any CPU.Build.0 = Debug|Any CPU
		{23D88EA4-4718-4F80-952D-EB7CB4FDE43E}.Release|Any CPU.ActiveCfg = Release|Any CPU
		{23D88EA4-4718-4F80-952D-EB7CB4FDE43E}.Release|Any CPU.Build.0 = Release|Any CPU
	EndGlobalSection
	GlobalSection(SolutionProperties) = preSolution
		HideSolutionNode = FALSE
	EndGlobalSection
	GlobalSection(ExtensibilityGlobals) = postSolution
		SolutionGuid = {43CCA3FC-B899-4EC8-B47E-B5491E943951}
	EndGlobalSection
EndGlobal
